
Microsoft Visual Studio Solution File, Format Version 12.00
# Visual Studio 15
VisualStudioVersion = 15.0.27703.2000
MinimumVisualStudioVersion = 10.0.40219.1
Project("{FAE04EC0-301F-11D3-BF4B-00C04F79EFBC}") = "BitCounting", "BitCounting\BitCounting.csproj", "{8EEB6934-8804-417B-B818-7BF5BB2DCAF6}"
EndProject
Project("{FAE04EC0-301F-11D3-BF4B-00C04F79EFBC}") = "BitCountingTest", "BitCountingTest\BitCountingTest.csproj", "{480964FE-1851-4A47-88DF-DB07C53AA36B}"
EndProject
Project("{FAE04EC0-301F-11D3-BF4B-00C04F79EFBC}") = "ClassLibrary1", "ClassLibrary1\ClassLibrary1.csproj", "{8E37BFB8-BAD4-4C06-8467-652486D10420}"
EndProject
Global
	GlobalSection(SolutionConfigurationPlatforms) = preSolution
		Debug|Any CPU = Debug|Any CPU
		Release|Any CPU = Release|Any CPU
	EndGlobalSection
	GlobalSection(ProjectConfigurationPlatforms) = postSolution
		{8EEB6934-8804-417B-B818-7BF5BB2DCAF6}.Debug|Any CPU.ActiveCfg = Debug|Any CPU
		{8EEB6934-8804-417B-B818-7BF5BB2DCAF6}.Debug|Any CPU.Build.0 = Debug|Any CPU
		{8EEB6934-8804-417B-B818-7BF5BB2DCAF6}.Release|Any CPU.ActiveCfg = Release|Any CPU
		{8EEB6934-8804-417B-B818-7BF5BB2DCAF6}.Release|Any CPU.Build.0 = Release|Any CPU
		{480964FE-1851-4A47-88DF-DB07C53AA36B}.Debug|Any CPU.ActiveCfg = Debug|Any CPU
		{480964FE-1851-4A47-88DF-DB07C53AA36B}.Debug|Any CPU.Build.0 = Debug|Any CPU
		{480964FE-1851-4A47-88DF-DB07C53AA36B}.Release|Any CPU.ActiveCfg = Release|Any CPU
		{480964FE-1851-4A47-88DF-DB07C53AA36B}.Release|Any CPU.Build.0 = Release|Any CPU
		{8E37BFB8-BAD4-4C06-8467-652486D10420}.Debug|Any CPU.ActiveCfg = Debug|Any CPU
		{8E37BFB8-BAD4-4C06-8467-652486D10420}.Debug|Any CPU.Build.0 = Debug|Any CPU
		{8E37BFB8-BAD4-4C06-8467-652486D10420}.Release|Any CPU.ActiveCfg = Release|Any CPU
		{8E37BFB8-BAD4-4C06-8467-652486D10420}.Release|Any CPU.Build.0 = Release|Any CPU
	EndGlobalSection
	GlobalSection(SolutionProperties) = preSolution
		HideSolutionNode = FALSE
	EndGlobalSection
	GlobalSection(ExtensibilityGlobals) = postSolution
		SolutionGuid = {449D4EB1-F292-4C96-BAFE-1116F1782D4D}
	EndGlobalSection
EndGlobal
